# This file is automatically @generated by Cargo.
# It is not intended for manual editing.
version = 4

[[package]]
name = "append-only-vec"
version = "0.1.7"
source = "registry+https://github.com/rust-lang/crates.io-index"
checksum = "7992085ec035cfe96992dd31bfd495a2ebd31969bb95f624471cb6c0b349e571"

[[package]]
name = "either"
version = "1.15.0"
source = "registry+https://github.com/rust-lang/crates.io-index"
checksum = "48c757948c5ede0e46177b7add2e67155f70e33c07fea8284df6576da70b3719"

[[package]]
name = "foldhash"
version = "0.1.5"
source = "registry+https://github.com/rust-lang/crates.io-index"
checksum = "d9c4f5dac5e15c24eb999c26181a6ca40b39fe946cbe4c263c7209467bc83af2"

[[package]]
name = "formalith"
version = "0.1.0"
dependencies = [
 "append-only-vec",
 "malachite",
 "owo-colors",
 "phf",
 "supports-color",
]

[[package]]
name = "hashbrown"
version = "0.15.2"
source = "registry+https://github.com/rust-lang/crates.io-index"
checksum = "bf151400ff0baff5465007dd2f3e717f3fe502074ca563069ce3a6629d07b289"
dependencies = [
 "foldhash",
]

[[package]]
name = "is_ci"
version = "1.2.0"
source = "registry+https://github.com/rust-lang/crates.io-index"
checksum = "7655c9839580ee829dfacba1d1278c2b7883e50a277ff7541299489d6bdfdc45"

[[package]]
name = "itertools"
version = "0.11.0"
source = "registry+https://github.com/rust-lang/crates.io-index"
checksum = "b1c173a5686ce8bfa551b3563d0c2170bf24ca44da99c7ca4bfdab5418c3fe57"
dependencies = [
 "either",
]

[[package]]
name = "libm"
version = "0.2.11"
source = "registry+https://github.com/rust-lang/crates.io-index"
checksum = "8355be11b20d696c8f18f6cc018c4e372165b1fa8126cef092399c9951984ffa"

[[package]]
name = "malachite"
version = "0.5.1"
source = "registry+https://github.com/rust-lang/crates.io-index"
checksum = "592317efc5430ccd3a24a29ab676ee9846e1106bb2c96864d5c20d643c60ba82"
dependencies = [
 "malachite-base",
 "malachite-nz",
 "malachite-q",
]

[[package]]
name = "malachite-base"
version = "0.5.1"
source = "registry+https://github.com/rust-lang/crates.io-index"
checksum = "5063891d2cec8fd20cabccbd3fc277bf8d5666f481fb3f79d999559b39a62713"
dependencies = [
 "hashbrown",
 "itertools",
 "libm",
 "ryu",
]

[[package]]
name = "malachite-nz"
version = "0.5.1"
source = "registry+https://github.com/rust-lang/crates.io-index"
checksum = "175263cd5b846c552b9afb9d4b03ca465b4ad10717d789cad7dac24441c4fcbe"
dependencies = [
 "itertools",
 "libm",
 "malachite-base",
]

[[package]]
name = "malachite-q"
version = "0.5.1"
source = "registry+https://github.com/rust-lang/crates.io-index"
checksum = "5261ba8feb1ad20cddab3d625af28206c663c08014b2e5c5f9bd54b0f230234f"
dependencies = [
 "itertools",
 "malachite-base",
 "malachite-nz",
]

[[package]]
name = "owo-colors"
version = "4.2.0"
source = "registry+https://github.com/rust-lang/crates.io-index"
checksum = "1036865bb9422d3300cf723f657c2851d0e9ab12567854b1f4eba3d77decf564"

[[package]]
name = "phf"
version = "0.11.3"
source = "registry+https://github.com/rust-lang/crates.io-index"
checksum = "1fd6780a80ae0c52cc120a26a1a42c1ae51b247a253e4e06113d23d2c2edd078"
dependencies = [
 "phf_macros",
 "phf_shared",
]

[[package]]
name = "phf_generator"
version = "0.11.3"
source = "registry+https://github.com/rust-lang/crates.io-index"
checksum = "3c80231409c20246a13fddb31776fb942c38553c51e871f8cbd687a4cfb5843d"
dependencies = [
 "phf_shared",
 "rand",
]

[[package]]
name = "phf_macros"
version = "0.11.3"
source = "registry+https://github.com/rust-lang/crates.io-index"
checksum = "f84ac04429c13a7ff43785d75ad27569f2951ce0ffd30a3321230db2fc727216"
dependencies = [
 "phf_generator",
 "phf_shared",
 "proc-macro2",
 "quote",
 "syn",
]

[[package]]
name = "phf_shared"
version = "0.11.3"
source = "registry+https://github.com/rust-lang/crates.io-index"
checksum = "67eabc2ef2a60eb7faa00097bd1ffdb5bd28e62bf39990626a582201b7a754e5"
dependencies = [
 "siphasher",
]

[[package]]
name = "proc-macro2"
version = "1.0.94"
source = "registry+https://github.com/rust-lang/crates.io-index"
checksum = "a31971752e70b8b2686d7e46ec17fb38dad4051d94024c88df49b667caea9c84"
dependencies = [
 "unicode-ident",
]

[[package]]
name = "quote"
version = "1.0.40"
source = "registry+https://github.com/rust-lang/crates.io-index"
checksum = "1885c039570dc00dcb4ff087a89e185fd56bae234ddc7f056a945bf36467248d"
dependencies = [
 "proc-macro2",
]

[[package]]
name = "rand"
version = "0.8.5"
source = "registry+https://github.com/rust-lang/crates.io-index"
checksum = "34af8d1a0e25924bc5b7c43c079c942339d8f0a8b57c39049bef581b46327404"
dependencies = [
 "rand_core",
]

[[package]]
name = "rand_core"
version = "0.6.4"
source = "registry+https://github.com/rust-lang/crates.io-index"
checksum = "ec0be4795e2f6a28069bec0b5ff3e2ac9bafc99e6a9a7dc3547996c5c816922c"

[[package]]
name = "ryu"
version = "1.0.20"
source = "registry+https://github.com/rust-lang/crates.io-index"
checksum = "28d3b2b1366ec20994f1fd18c3c594f05c5dd4bc44d8bb0c1c632c8d6829481f"

[[package]]
name = "siphasher"
version = "1.0.1"
source = "registry+https://github.com/rust-lang/crates.io-index"
checksum = "56199f7ddabf13fe5074ce809e7d3f42b42ae711800501b5b16ea82ad029c39d"

[[package]]
name = "supports-color"
version = "3.0.2"
source = "registry+https://github.com/rust-lang/crates.io-index"
checksum = "c64fc7232dd8d2e4ac5ce4ef302b1d81e0b80d055b9d77c7c4f51f6aa4c867d6"
dependencies = [
 "is_ci",
]

[[package]]
name = "syn"
version = "2.0.100"
source = "registry+https://github.com/rust-lang/crates.io-index"
checksum = "b09a44accad81e1ba1cd74a32461ba89dee89095ba17b32f5d03683b1b1fc2a0"
dependencies = [
 "proc-macro2",
 "quote",
 "unicode-ident",
]

[[package]]
name = "unicode-ident"
version = "1.0.18"
source = "registry+https://github.com/rust-lang/crates.io-index"
checksum = "5a5f39404a5da50712a4c1eecf25e90dd62b613502b7e925fd4e4d19b5c96512"
