# This file is automatically @generated by Cargo.
# It is not intended for manual editing.
version = 4

[[package]]
name = "append-only-vec"
version = "0.1.7"
source = "registry+https://github.com/rust-lang/crates.io-index"
checksum = "7992085ec035cfe96992dd31bfd495a2ebd31969bb95f624471cb6c0b349e571"

[[package]]
name = "either"
version = "1.15.0"
source = "registry+https://github.com/rust-lang/crates.io-index"
checksum = "48c757948c5ede0e46177b7add2e67155f70e33c07fea8284df6576da70b3719"

[[package]]
name = "foldhash"
version = "0.1.5"
source = "registry+https://github.com/rust-lang/crates.io-index"
checksum = "d9c4f5dac5e15c24eb999c26181a6ca40b39fe946cbe4c263c7209467bc83af2"

[[package]]
name = "formalith"
version = "0.1.0"
dependencies = [
 "append-only-vec",
 "malachite",
 "owo-colors",
]

[[package]]
name = "hashbrown"
version = "0.15.2"
source = "registry+https://github.com/rust-lang/crates.io-index"
checksum = "bf151400ff0baff5465007dd2f3e717f3fe502074ca563069ce3a6629d07b289"
dependencies = [
 "foldhash",
]

[[package]]
name = "itertools"
version = "0.11.0"
source = "registry+https://github.com/rust-lang/crates.io-index"
checksum = "b1c173a5686ce8bfa551b3563d0c2170bf24ca44da99c7ca4bfdab5418c3fe57"
dependencies = [
 "either",
]

[[package]]
name = "libm"
version = "0.2.11"
source = "registry+https://github.com/rust-lang/crates.io-index"
checksum = "8355be11b20d696c8f18f6cc018c4e372165b1fa8126cef092399c9951984ffa"

[[package]]
name = "malachite"
version = "0.5.1"
source = "registry+https://github.com/rust-lang/crates.io-index"
checksum = "592317efc5430ccd3a24a29ab676ee9846e1106bb2c96864d5c20d643c60ba82"
dependencies = [
 "malachite-base",
 "malachite-nz",
 "malachite-q",
]

[[package]]
name = "malachite-base"
version = "0.5.1"
source = "registry+https://github.com/rust-lang/crates.io-index"
checksum = "5063891d2cec8fd20cabccbd3fc277bf8d5666f481fb3f79d999559b39a62713"
dependencies = [
 "hashbrown",
 "itertools",
 "libm",
 "ryu",
]

[[package]]
name = "malachite-nz"
version = "0.5.1"
source = "registry+https://github.com/rust-lang/crates.io-index"
checksum = "175263cd5b846c552b9afb9d4b03ca465b4ad10717d789cad7dac24441c4fcbe"
dependencies = [
 "itertools",
 "libm",
 "malachite-base",
]

[[package]]
name = "malachite-q"
version = "0.5.1"
source = "registry+https://github.com/rust-lang/crates.io-index"
checksum = "5261ba8feb1ad20cddab3d625af28206c663c08014b2e5c5f9bd54b0f230234f"
dependencies = [
 "itertools",
 "malachite-base",
 "malachite-nz",
]

[[package]]
name = "owo-colors"
version = "4.2.0"
source = "registry+https://github.com/rust-lang/crates.io-index"
checksum = "1036865bb9422d3300cf723f657c2851d0e9ab12567854b1f4eba3d77decf564"

[[package]]
name = "ryu"
version = "1.0.20"
source = "registry+https://github.com/rust-lang/crates.io-index"
checksum = "28d3b2b1366ec20994f1fd18c3c594f05c5dd4bc44d8bb0c1c632c8d6829481f"
